
Microsoft Visual Studio Solution File, Format Version 12.00
# Visual Studio Version 17
VisualStudioVersion = 17.13.35919.96 d17.13
MinimumVisualStudioVersion = 10.0.40219.1
Project("{FAE04EC0-301F-11D3-BF4B-00C04F79EFBC}") = "practice", "practice\practice.csproj", "{AE2EA280-9AA6-4C4F-AA19-B462AB167808}"
EndProject
Global
	GlobalSection(SolutionConfigurationPlatforms) = preSolution
		Debug|Any CPU = Debug|Any CPU
		Release|Any CPU = Release|Any CPU
	EndGlobalSection
	GlobalSection(ProjectConfigurationPlatforms) = postSolution
		{AE2EA280-9AA6-4C4F-AA19-B462AB167808}.Debug|Any CPU.ActiveCfg = Debug|Any CPU
		{AE2EA280-9AA6-4C4F-AA19-B462AB167808}.Debug|Any CPU.Build.0 = Debug|Any CPU
		{AE2EA280-9AA6-4C4F-AA19-B462AB167808}.Release|Any CPU.ActiveCfg = Release|Any CPU
		{AE2EA280-9AA6-4C4F-AA19-B462AB167808}.Release|Any CPU.Build.0 = Release|Any CPU
	EndGlobalSection
	GlobalSection(SolutionProperties) = preSolution
		HideSolutionNode = FALSE
	EndGlobalSection
	GlobalSection(ExtensibilityGlobals) = postSolution
		SolutionGuid = {21972DB6-FDF0-459B-8D54-BB2F96A8138D}
	EndGlobalSection
EndGlobal
